
Microsoft Visual Studio Solution File, Format Version 12.00
# Visual Studio Version 16
VisualStudioVersion = 16.0.31112.23
MinimumVisualStudioVersion = 15.0.26124.0
Project("{2150E333-8FDC-42A3-9474-1A3956D46DE8}") = "src", "src", "{8A6F4BAC-5B8F-4BC7-A8CA-C16BE4325EEB}"
EndProject
Project("{9A19103F-16F7-4668-BE54-9A1E7A4F7556}") = "SimpleBoards.Core", "src\SimpleBoards.Core\SimpleBoards.Core.csproj", "{D978AEE8-182B-41E0-88DB-E5DB2983EAF4}"
EndProject
Project("{9A19103F-16F7-4668-BE54-9A1E7A4F7556}") = "SimpleBoards.Persistence.SqlServer", "src\SimpleBoards.Persistence.SqlServer\SimpleBoards.Persistence.SqlServer.csproj", "{AE2E5ABA-12E6-478F-BDE5-39FF9974C0A2}"
EndProject
Project("{9A19103F-16F7-4668-BE54-9A1E7A4F7556}") = "SimpleBoards.Web.Api", "src\SimpleBoards.Web.Api\SimpleBoards.Web.Api.csproj", "{2AFCBE5F-0837-4707-A3D1-CB060D94660C}"
EndProject
Project("{9A19103F-16F7-4668-BE54-9A1E7A4F7556}") = "SimpleBoards.Identity", "src\SimpleBoards.Identity\SimpleBoards.Identity.csproj", "{EE7F1AD1-DFC8-43E6-A982-5092F6AD54D2}"
EndProject
Project("{9A19103F-16F7-4668-BE54-9A1E7A4F7556}") = "SimpleBoards.Identity.Grpc", "src\SimpleBoards.Identity.Grpc\SimpleBoards.Identity.Grpc.csproj", "{FA3D1BEE-140E-469A-8A08-A7FD9D2C414E}"
EndProject
Project("{9A19103F-16F7-4668-BE54-9A1E7A4F7556}") = "SimpleBoards.Core.Identity", "src\SimpleBoards.Core.Identity\SimpleBoards.Core.Identity.csproj", "{CF53EBA2-BC3D-43B5-8051-DC1809157C46}"
EndProject
Project("{9A19103F-16F7-4668-BE54-9A1E7A4F7556}") = "SimpleBoards.Web.App", "src\SimpleBoards.Web.App\SimpleBoards.Web.App.csproj", "{F7276832-90D7-4238-A8F3-7B2972BD14D0}"
EndProject
Project("{9A19103F-16F7-4668-BE54-9A1E7A4F7556}") = "SimpleBoards.Web.Models", "src\SimpleBoards.Web.Models\SimpleBoards.Web.Models.csproj", "{0AD02741-76C3-4685-AA37-7B4040CED371}"
EndProject
Project("{9A19103F-16F7-4668-BE54-9A1E7A4F7556}") = "SimpleBoards.Web.Users", "src\SimpleBoards.Web.Users\SimpleBoards.Web.Users.csproj", "{B9D6CAF3-E1A5-4198-BA25-3B52588872C0}"
EndProject
Project("{9A19103F-16F7-4668-BE54-9A1E7A4F7556}") = "SimpleBoards.Web.Http", "src\SimpleBoards.Web.Http\SimpleBoards.Web.Http.csproj", "{4293A3B7-B243-4BA9-9456-85BDA03D0D39}"
EndProject
Project("{E53339B2-1760-4266-BCC7-CA923CBCF16C}") = "docker-compose", "docker-compose.dcproj", "{CEA62DE8-9A82-4BF8-995A-C0C49D69C2D1}"
EndProject
Global
	GlobalSection(SolutionConfigurationPlatforms) = preSolution
		Debug|Any CPU = Debug|Any CPU
		Debug|x64 = Debug|x64
		Debug|x86 = Debug|x86
		Release|Any CPU = Release|Any CPU
		Release|x64 = Release|x64
		Release|x86 = Release|x86
	EndGlobalSection
	GlobalSection(ProjectConfigurationPlatforms) = postSolution
		{D978AEE8-182B-41E0-88DB-E5DB2983EAF4}.Debug|Any CPU.ActiveCfg = Debug|Any CPU
		{D978AEE8-182B-41E0-88DB-E5DB2983EAF4}.Debug|Any CPU.Build.0 = Debug|Any CPU
		{D978AEE8-182B-41E0-88DB-E5DB2983EAF4}.Debug|x64.ActiveCfg = Debug|Any CPU
		{D978AEE8-182B-41E0-88DB-E5DB2983EAF4}.Debug|x64.Build.0 = Debug|Any CPU
		{D978AEE8-182B-41E0-88DB-E5DB2983EAF4}.Debug|x86.ActiveCfg = Debug|Any CPU
		{D978AEE8-182B-41E0-88DB-E5DB2983EAF4}.Debug|x86.Build.0 = Debug|Any CPU
		{D978AEE8-182B-41E0-88DB-E5DB2983EAF4}.Release|Any CPU.ActiveCfg = Release|Any CPU
		{D978AEE8-182B-41E0-88DB-E5DB2983EAF4}.Release|Any CPU.Build.0 = Release|Any CPU
		{D978AEE8-182B-41E0-88DB-E5DB2983EAF4}.Release|x64.ActiveCfg = Release|Any CPU
		{D978AEE8-182B-41E0-88DB-E5DB2983EAF4}.Release|x64.Build.0 = Release|Any CPU
		{D978AEE8-182B-41E0-88DB-E5DB2983EAF4}.Release|x86.ActiveCfg = Release|Any CPU
		{D978AEE8-182B-41E0-88DB-E5DB2983EAF4}.Release|x86.Build.0 = Release|Any CPU
		{AE2E5ABA-12E6-478F-BDE5-39FF9974C0A2}.Debug|Any CPU.ActiveCfg = Debug|Any CPU
		{AE2E5ABA-12E6-478F-BDE5-39FF9974C0A2}.Debug|Any CPU.Build.0 = Debug|Any CPU
		{AE2E5ABA-12E6-478F-BDE5-39FF9974C0A2}.Debug|x64.ActiveCfg = Debug|Any CPU
		{AE2E5ABA-12E6-478F-BDE5-39FF9974C0A2}.Debug|x64.Build.0 = Debug|Any CPU
		{AE2E5ABA-12E6-478F-BDE5-39FF9974C0A2}.Debug|x86.ActiveCfg = Debug|Any CPU
		{AE2E5ABA-12E6-478F-BDE5-39FF9974C0A2}.Debug|x86.Build.0 = Debug|Any CPU
		{AE2E5ABA-12E6-478F-BDE5-39FF9974C0A2}.Release|Any CPU.ActiveCfg = Release|Any CPU
		{AE2E5ABA-12E6-478F-BDE5-39FF9974C0A2}.Release|Any CPU.Build.0 = Release|Any CPU
		{AE2E5ABA-12E6-478F-BDE5-39FF9974C0A2}.Release|x64.ActiveCfg = Release|Any CPU
		{AE2E5ABA-12E6-478F-BDE5-39FF9974C0A2}.Release|x64.Build.0 = Release|Any CPU
		{AE2E5ABA-12E6-478F-BDE5-39FF9974C0A2}.Release|x86.ActiveCfg = Release|Any CPU
		{AE2E5ABA-12E6-478F-BDE5-39FF9974C0A2}.Release|x86.Build.0 = Release|Any CPU
		{2AFCBE5F-0837-4707-A3D1-CB060D94660C}.Debug|Any CPU.ActiveCfg = Debug|Any CPU
		{2AFCBE5F-0837-4707-A3D1-CB060D94660C}.Debug|Any CPU.Build.0 = Debug|Any CPU
		{2AFCBE5F-0837-4707-A3D1-CB060D94660C}.Debug|x64.ActiveCfg = Debug|Any CPU
		{2AFCBE5F-0837-4707-A3D1-CB060D94660C}.Debug|x64.Build.0 = Debug|Any CPU
		{2AFCBE5F-0837-4707-A3D1-CB060D94660C}.Debug|x86.ActiveCfg = Debug|Any CPU
		{2AFCBE5F-0837-4707-A3D1-CB060D94660C}.Debug|x86.Build.0 = Debug|Any CPU
		{2AFCBE5F-0837-4707-A3D1-CB060D94660C}.Release|Any CPU.ActiveCfg = Release|Any CPU
		{2AFCBE5F-0837-4707-A3D1-CB060D94660C}.Release|Any CPU.Build.0 = Release|Any CPU
		{2AFCBE5F-0837-4707-A3D1-CB060D94660C}.Release|x64.ActiveCfg = Release|Any CPU
		{2AFCBE5F-0837-4707-A3D1-CB060D94660C}.Release|x64.Build.0 = Release|Any CPU
		{2AFCBE5F-0837-4707-A3D1-CB060D94660C}.Release|x86.ActiveCfg = Release|Any CPU
		{2AFCBE5F-0837-4707-A3D1-CB060D94660C}.Release|x86.Build.0 = Release|Any CPU
		{EE7F1AD1-DFC8-43E6-A982-5092F6AD54D2}.Debug|Any CPU.ActiveCfg = Debug|Any CPU
		{EE7F1AD1-DFC8-43E6-A982-5092F6AD54D2}.Debug|Any CPU.Build.0 = Debug|Any CPU
		{EE7F1AD1-DFC8-43E6-A982-5092F6AD54D2}.Debug|x64.ActiveCfg = Debug|Any CPU
		{EE7F1AD1-DFC8-43E6-A982-5092F6AD54D2}.Debug|x64.Build.0 = Debug|Any CPU
		{EE7F1AD1-DFC8-43E6-A982-5092F6AD54D2}.Debug|x86.ActiveCfg = Debug|Any CPU
		{EE7F1AD1-DFC8-43E6-A982-5092F6AD54D2}.Debug|x86.Build.0 = Debug|Any CPU
		{EE7F1AD1-DFC8-43E6-A982-5092F6AD54D2}.Release|Any CPU.ActiveCfg = Release|Any CPU
		{EE7F1AD1-DFC8-43E6-A982-5092F6AD54D2}.Release|Any CPU.Build.0 = Release|Any CPU
		{EE7F1AD1-DFC8-43E6-A982-5092F6AD54D2}.Release|x64.ActiveCfg = Release|Any CPU
		{EE7F1AD1-DFC8-43E6-A982-5092F6AD54D2}.Release|x64.Build.0 = Release|Any CPU
		{EE7F1AD1-DFC8-43E6-A982-5092F6AD54D2}.Release|x86.ActiveCfg = Release|Any CPU
		{EE7F1AD1-DFC8-43E6-A982-5092F6AD54D2}.Release|x86.Build.0 = Release|Any CPU
		{FA3D1BEE-140E-469A-8A08-A7FD9D2C414E}.Debug|Any CPU.ActiveCfg = Debug|Any CPU
		{FA3D1BEE-140E-469A-8A08-A7FD9D2C414E}.Debug|Any CPU.Build.0 = Debug|Any CPU
		{FA3D1BEE-140E-469A-8A08-A7FD9D2C414E}.Debug|x64.ActiveCfg = Debug|Any CPU
		{FA3D1BEE-140E-469A-8A08-A7FD9D2C414E}.Debug|x64.Build.0 = Debug|Any CPU
		{FA3D1BEE-140E-469A-8A08-A7FD9D2C414E}.Debug|x86.ActiveCfg = Debug|Any CPU
		{FA3D1BEE-140E-469A-8A08-A7FD9D2C414E}.Debug|x86.Build.0 = Debug|Any CPU
		{FA3D1BEE-140E-469A-8A08-A7FD9D2C414E}.Release|Any CPU.ActiveCfg = Release|Any CPU
		{FA3D1BEE-140E-469A-8A08-A7FD9D2C414E}.Release|Any CPU.Build.0 = Release|Any CPU
		{FA3D1BEE-140E-469A-8A08-A7FD9D2C414E}.Release|x64.ActiveCfg = Release|Any CPU
		{FA3D1BEE-140E-469A-8A08-A7FD9D2C414E}.Release|x64.Build.0 = Release|Any CPU
		{FA3D1BEE-140E-469A-8A08-A7FD9D2C414E}.Release|x86.ActiveCfg = Release|Any CPU
		{FA3D1BEE-140E-469A-8A08-A7FD9D2C414E}.Release|x86.Build.0 = Release|Any CPU
		{CF53EBA2-BC3D-43B5-8051-DC1809157C46}.Debug|Any CPU.ActiveCfg = Debug|Any CPU
		{CF53EBA2-BC3D-43B5-8051-DC1809157C46}.Debug|Any CPU.Build.0 = Debug|Any CPU
		{CF53EBA2-BC3D-43B5-8051-DC1809157C46}.Debug|x64.ActiveCfg = Debug|Any CPU
		{CF53EBA2-BC3D-43B5-8051-DC1809157C46}.Debug|x64.Build.0 = Debug|Any CPU
		{CF53EBA2-BC3D-43B5-8051-DC1809157C46}.Debug|x86.ActiveCfg = Debug|Any CPU
		{CF53EBA2-BC3D-43B5-8051-DC1809157C46}.Debug|x86.Build.0 = Debug|Any CPU
		{CF53EBA2-BC3D-43B5-8051-DC1809157C46}.Release|Any CPU.ActiveCfg = Release|Any CPU
		{CF53EBA2-BC3D-43B5-8051-DC1809157C46}.Release|Any CPU.Build.0 = Release|Any CPU
		{CF53EBA2-BC3D-43B5-8051-DC1809157C46}.Release|x64.ActiveCfg = Release|Any CPU
		{CF53EBA2-BC3D-43B5-8051-DC1809157C46}.Release|x64.Build.0 = Release|Any CPU
		{CF53EBA2-BC3D-43B5-8051-DC1809157C46}.Release|x86.ActiveCfg = Release|Any CPU
		{CF53EBA2-BC3D-43B5-8051-DC1809157C46}.Release|x86.Build.0 = Release|Any CPU
		{F7276832-90D7-4238-A8F3-7B2972BD14D0}.Debug|Any CPU.ActiveCfg = Debug|Any CPU
		{F7276832-90D7-4238-A8F3-7B2972BD14D0}.Debug|Any CPU.Build.0 = Debug|Any CPU
		{F7276832-90D7-4238-A8F3-7B2972BD14D0}.Debug|x64.ActiveCfg = Debug|Any CPU
		{F7276832-90D7-4238-A8F3-7B2972BD14D0}.Debug|x64.Build.0 = Debug|Any CPU
		{F7276832-90D7-4238-A8F3-7B2972BD14D0}.Debug|x86.ActiveCfg = Debug|Any CPU
		{F7276832-90D7-4238-A8F3-7B2972BD14D0}.Debug|x86.Build.0 = Debug|Any CPU
		{F7276832-90D7-4238-A8F3-7B2972BD14D0}.Release|Any CPU.ActiveCfg = Release|Any CPU
		{F7276832-90D7-4238-A8F3-7B2972BD14D0}.Release|Any CPU.Build.0 = Release|Any CPU
		{F7276832-90D7-4238-A8F3-7B2972BD14D0}.Release|x64.ActiveCfg = Release|Any CPU
		{F7276832-90D7-4238-A8F3-7B2972BD14D0}.Release|x64.Build.0 = Release|Any CPU
		{F7276832-90D7-4238-A8F3-7B2972BD14D0}.Release|x86.ActiveCfg = Release|Any CPU
		{F7276832-90D7-4238-A8F3-7B2972BD14D0}.Release|x86.Build.0 = Release|Any CPU
		{0AD02741-76C3-4685-AA37-7B4040CED371}.Debug|Any CPU.ActiveCfg = Debug|Any CPU
		{0AD02741-76C3-4685-AA37-7B4040CED371}.Debug|Any CPU.Build.0 = Debug|Any CPU
		{0AD02741-76C3-4685-AA37-7B4040CED371}.Debug|x64.ActiveCfg = Debug|Any CPU
		{0AD02741-76C3-4685-AA37-7B4040CED371}.Debug|x64.Build.0 = Debug|Any CPU
		{0AD02741-76C3-4685-AA37-7B4040CED371}.Debug|x86.ActiveCfg = Debug|Any CPU
		{0AD02741-76C3-4685-AA37-7B4040CED371}.Debug|x86.Build.0 = Debug|Any CPU
		{0AD02741-76C3-4685-AA37-7B4040CED371}.Release|Any CPU.ActiveCfg = Release|Any CPU
		{0AD02741-76C3-4685-AA37-7B4040CED371}.Release|Any CPU.Build.0 = Release|Any CPU
		{0AD02741-76C3-4685-AA37-7B4040CED371}.Release|x64.ActiveCfg = Release|Any CPU
		{0AD02741-76C3-4685-AA37-7B4040CED371}.Release|x64.Build.0 = Release|Any CPU
		{0AD02741-76C3-4685-AA37-7B4040CED371}.Release|x86.ActiveCfg = Release|Any CPU
		{0AD02741-76C3-4685-AA37-7B4040CED371}.Release|x86.Build.0 = Release|Any CPU
		{B9D6CAF3-E1A5-4198-BA25-3B52588872C0}.Debug|Any CPU.ActiveCfg = Debug|Any CPU
		{B9D6CAF3-E1A5-4198-BA25-3B52588872C0}.Debug|Any CPU.Build.0 = Debug|Any CPU
		{B9D6CAF3-E1A5-4198-BA25-3B52588872C0}.Debug|x64.ActiveCfg = Debug|Any CPU
		{B9D6CAF3-E1A5-4198-BA25-3B52588872C0}.Debug|x64.Build.0 = Debug|Any CPU
		{B9D6CAF3-E1A5-4198-BA25-3B52588872C0}.Debug|x86.ActiveCfg = Debug|Any CPU
		{B9D6CAF3-E1A5-4198-BA25-3B52588872C0}.Debug|x86.Build.0 = Debug|Any CPU
		{B9D6CAF3-E1A5-4198-BA25-3B52588872C0}.Release|Any CPU.ActiveCfg = Release|Any CPU
		{B9D6CAF3-E1A5-4198-BA25-3B52588872C0}.Release|Any CPU.Build.0 = Release|Any CPU
		{B9D6CAF3-E1A5-4198-BA25-3B52588872C0}.Release|x64.ActiveCfg = Release|Any CPU
		{B9D6CAF3-E1A5-4198-BA25-3B52588872C0}.Release|x64.Build.0 = Release|Any CPU
		{B9D6CAF3-E1A5-4198-BA25-3B52588872C0}.Release|x86.ActiveCfg = Release|Any CPU
		{B9D6CAF3-E1A5-4198-BA25-3B52588872C0}.Release|x86.Build.0 = Release|Any CPU
		{4293A3B7-B243-4BA9-9456-85BDA03D0D39}.Debug|Any CPU.ActiveCfg = Debug|Any CPU
		{4293A3B7-B243-4BA9-9456-85BDA03D0D39}.Debug|Any CPU.Build.0 = Debug|Any CPU
		{4293A3B7-B243-4BA9-9456-85BDA03D0D39}.Debug|x64.ActiveCfg = Debug|Any CPU
		{4293A3B7-B243-4BA9-9456-85BDA03D0D39}.Debug|x64.Build.0 = Debug|Any CPU
		{4293A3B7-B243-4BA9-9456-85BDA03D0D39}.Debug|x86.ActiveCfg = Debug|Any CPU
		{4293A3B7-B243-4BA9-9456-85BDA03D0D39}.Debug|x86.Build.0 = Debug|Any CPU
		{4293A3B7-B243-4BA9-9456-85BDA03D0D39}.Release|Any CPU.ActiveCfg = Release|Any CPU
		{4293A3B7-B243-4BA9-9456-85BDA03D0D39}.Release|Any CPU.Build.0 = Release|Any CPU
		{4293A3B7-B243-4BA9-9456-85BDA03D0D39}.Release|x64.ActiveCfg = Release|Any CPU
		{4293A3B7-B243-4BA9-9456-85BDA03D0D39}.Release|x64.Build.0 = Release|Any CPU
		{4293A3B7-B243-4BA9-9456-85BDA03D0D39}.Release|x86.ActiveCfg = Release|Any CPU
		{4293A3B7-B243-4BA9-9456-85BDA03D0D39}.Release|x86.Build.0 = Release|Any CPU
		{CEA62DE8-9A82-4BF8-995A-C0C49D69C2D1}.Debug|Any CPU.ActiveCfg = Debug|Any CPU
		{CEA62DE8-9A82-4BF8-995A-C0C49D69C2D1}.Debug|Any CPU.Build.0 = Debug|Any CPU
		{CEA62DE8-9A82-4BF8-995A-C0C49D69C2D1}.Debug|x64.ActiveCfg = Debug|Any CPU
		{CEA62DE8-9A82-4BF8-995A-C0C49D69C2D1}.Debug|x64.Build.0 = Debug|Any CPU
		{CEA62DE8-9A82-4BF8-995A-C0C49D69C2D1}.Debug|x86.ActiveCfg = Debug|Any CPU
		{CEA62DE8-9A82-4BF8-995A-C0C49D69C2D1}.Debug|x86.Build.0 = Debug|Any CPU
		{CEA62DE8-9A82-4BF8-995A-C0C49D69C2D1}.Release|Any CPU.ActiveCfg = Release|Any CPU
		{CEA62DE8-9A82-4BF8-995A-C0C49D69C2D1}.Release|Any CPU.Build.0 = Release|Any CPU
		{CEA62DE8-9A82-4BF8-995A-C0C49D69C2D1}.Release|x64.ActiveCfg = Release|Any CPU
		{CEA62DE8-9A82-4BF8-995A-C0C49D69C2D1}.Release|x64.Build.0 = Release|Any CPU
		{CEA62DE8-9A82-4BF8-995A-C0C49D69C2D1}.Release|x86.ActiveCfg = Release|Any CPU
		{CEA62DE8-9A82-4BF8-995A-C0C49D69C2D1}.Release|x86.Build.0 = Release|Any CPU
	EndGlobalSection
	GlobalSection(SolutionProperties) = preSolution
		HideSolutionNode = FALSE
	EndGlobalSection
	GlobalSection(NestedProjects) = preSolution
		{D978AEE8-182B-41E0-88DB-E5DB2983EAF4} = {8A6F4BAC-5B8F-4BC7-A8CA-C16BE4325EEB}
		{AE2E5ABA-12E6-478F-BDE5-39FF9974C0A2} = {8A6F4BAC-5B8F-4BC7-A8CA-C16BE4325EEB}
		{2AFCBE5F-0837-4707-A3D1-CB060D94660C} = {8A6F4BAC-5B8F-4BC7-A8CA-C16BE4325EEB}
		{EE7F1AD1-DFC8-43E6-A982-5092F6AD54D2} = {8A6F4BAC-5B8F-4BC7-A8CA-C16BE4325EEB}
		{FA3D1BEE-140E-469A-8A08-A7FD9D2C414E} = {8A6F4BAC-5B8F-4BC7-A8CA-C16BE4325EEB}
		{CF53EBA2-BC3D-43B5-8051-DC1809157C46} = {8A6F4BAC-5B8F-4BC7-A8CA-C16BE4325EEB}
		{F7276832-90D7-4238-A8F3-7B2972BD14D0} = {8A6F4BAC-5B8F-4BC7-A8CA-C16BE4325EEB}
		{0AD02741-76C3-4685-AA37-7B4040CED371} = {8A6F4BAC-5B8F-4BC7-A8CA-C16BE4325EEB}
		{B9D6CAF3-E1A5-4198-BA25-3B52588872C0} = {8A6F4BAC-5B8F-4BC7-A8CA-C16BE4325EEB}
		{4293A3B7-B243-4BA9-9456-85BDA03D0D39} = {8A6F4BAC-5B8F-4BC7-A8CA-C16BE4325EEB}
	EndGlobalSection
	GlobalSection(ExtensibilityGlobals) = postSolution
		SolutionGuid = {CC7FB344-4985-4C06-8ED5-7F2ABE1A7696}
	EndGlobalSection
EndGlobal
