
Microsoft Visual Studio Solution File, Format Version 12.00
# Visual Studio 15
VisualStudioVersion = 15.0.26124.0
MinimumVisualStudioVersion = 15.0.26124.0
Project("{2150E333-8FDC-42A3-9474-1A3956D46DE8}") = "src", "src", "{8A6F4BAC-5B8F-4BC7-A8CA-C16BE4325EEB}"
EndProject
Project("{FAE04EC0-301F-11D3-BF4B-00C04F79EFBC}") = "SimpleBoards.Core", "src\SimpleBoards.Core\SimpleBoards.Core.csproj", "{D978AEE8-182B-41E0-88DB-E5DB2983EAF4}"
EndProject
Project("{FAE04EC0-301F-11D3-BF4B-00C04F79EFBC}") = "SimpleBoards.Persistence.SqlServer", "src\SimpleBoards.Persistence.SqlServer\SimpleBoards.Persistence.SqlServer.csproj", "{AE2E5ABA-12E6-478F-BDE5-39FF9974C0A2}"
EndProject
Project("{FAE04EC0-301F-11D3-BF4B-00C04F79EFBC}") = "SimpleBoards.Web.Api", "src\SimpleBoards.Web.Api\SimpleBoards.Web.Api.csproj", "{2AFCBE5F-0837-4707-A3D1-CB060D94660C}"
EndProject
Project("{FAE04EC0-301F-11D3-BF4B-00C04F79EFBC}") = "SimpleBoards.Identity", "src\SimpleBoards.Identity\SimpleBoards.Identity.csproj", "{EE7F1AD1-DFC8-43E6-A982-5092F6AD54D2}"
EndProject
Project("{FAE04EC0-301F-11D3-BF4B-00C04F79EFBC}") = "SimpleBoards.Identity.Grpc", "src\SimpleBoards.Identity.Grpc\SimpleBoards.Identity.Grpc.csproj", "{FA3D1BEE-140E-469A-8A08-A7FD9D2C414E}"
EndProject
Project("{FAE04EC0-301F-11D3-BF4B-00C04F79EFBC}") = "SimpleBoards.Core.Identity", "src\SimpleBoards.Core.Identity\SimpleBoards.Core.Identity.csproj", "{CF53EBA2-BC3D-43B5-8051-DC1809157C46}"
EndProject
Project("{FAE04EC0-301F-11D3-BF4B-00C04F79EFBC}") = "SimpleBoards.Web.App", "src\SimpleBoards.Web.App\SimpleBoards.Web.App.csproj", "{F7276832-90D7-4238-A8F3-7B2972BD14D0}"
EndProject
Global
	GlobalSection(SolutionConfigurationPlatforms) = preSolution
		Debug|Any CPU = Debug|Any CPU
		Debug|x64 = Debug|x64
		Debug|x86 = Debug|x86
		Release|Any CPU = Release|Any CPU
		Release|x64 = Release|x64
		Release|x86 = Release|x86
	EndGlobalSection
	GlobalSection(SolutionProperties) = preSolution
		HideSolutionNode = FALSE
	EndGlobalSection
	GlobalSection(ProjectConfigurationPlatforms) = postSolution
		{D978AEE8-182B-41E0-88DB-E5DB2983EAF4}.Debug|Any CPU.ActiveCfg = Debug|Any CPU
		{D978AEE8-182B-41E0-88DB-E5DB2983EAF4}.Debug|Any CPU.Build.0 = Debug|Any CPU
		{D978AEE8-182B-41E0-88DB-E5DB2983EAF4}.Debug|x64.ActiveCfg = Debug|Any CPU
		{D978AEE8-182B-41E0-88DB-E5DB2983EAF4}.Debug|x64.Build.0 = Debug|Any CPU
		{D978AEE8-182B-41E0-88DB-E5DB2983EAF4}.Debug|x86.ActiveCfg = Debug|Any CPU
		{D978AEE8-182B-41E0-88DB-E5DB2983EAF4}.Debug|x86.Build.0 = Debug|Any CPU
		{D978AEE8-182B-41E0-88DB-E5DB2983EAF4}.Release|Any CPU.ActiveCfg = Release|Any CPU
		{D978AEE8-182B-41E0-88DB-E5DB2983EAF4}.Release|Any CPU.Build.0 = Release|Any CPU
		{D978AEE8-182B-41E0-88DB-E5DB2983EAF4}.Release|x64.ActiveCfg = Release|Any CPU
		{D978AEE8-182B-41E0-88DB-E5DB2983EAF4}.Release|x64.Build.0 = Release|Any CPU
		{D978AEE8-182B-41E0-88DB-E5DB2983EAF4}.Release|x86.ActiveCfg = Release|Any CPU
		{D978AEE8-182B-41E0-88DB-E5DB2983EAF4}.Release|x86.Build.0 = Release|Any CPU
		{AE2E5ABA-12E6-478F-BDE5-39FF9974C0A2}.Debug|Any CPU.ActiveCfg = Debug|Any CPU
		{AE2E5ABA-12E6-478F-BDE5-39FF9974C0A2}.Debug|Any CPU.Build.0 = Debug|Any CPU
		{AE2E5ABA-12E6-478F-BDE5-39FF9974C0A2}.Debug|x64.ActiveCfg = Debug|Any CPU
		{AE2E5ABA-12E6-478F-BDE5-39FF9974C0A2}.Debug|x64.Build.0 = Debug|Any CPU
		{AE2E5ABA-12E6-478F-BDE5-39FF9974C0A2}.Debug|x86.ActiveCfg = Debug|Any CPU
		{AE2E5ABA-12E6-478F-BDE5-39FF9974C0A2}.Debug|x86.Build.0 = Debug|Any CPU
		{AE2E5ABA-12E6-478F-BDE5-39FF9974C0A2}.Release|Any CPU.ActiveCfg = Release|Any CPU
		{AE2E5ABA-12E6-478F-BDE5-39FF9974C0A2}.Release|Any CPU.Build.0 = Release|Any CPU
		{AE2E5ABA-12E6-478F-BDE5-39FF9974C0A2}.Release|x64.ActiveCfg = Release|Any CPU
		{AE2E5ABA-12E6-478F-BDE5-39FF9974C0A2}.Release|x64.Build.0 = Release|Any CPU
		{AE2E5ABA-12E6-478F-BDE5-39FF9974C0A2}.Release|x86.ActiveCfg = Release|Any CPU
		{AE2E5ABA-12E6-478F-BDE5-39FF9974C0A2}.Release|x86.Build.0 = Release|Any CPU
		{2AFCBE5F-0837-4707-A3D1-CB060D94660C}.Debug|Any CPU.ActiveCfg = Debug|Any CPU
		{2AFCBE5F-0837-4707-A3D1-CB060D94660C}.Debug|Any CPU.Build.0 = Debug|Any CPU
		{2AFCBE5F-0837-4707-A3D1-CB060D94660C}.Debug|x64.ActiveCfg = Debug|Any CPU
		{2AFCBE5F-0837-4707-A3D1-CB060D94660C}.Debug|x64.Build.0 = Debug|Any CPU
		{2AFCBE5F-0837-4707-A3D1-CB060D94660C}.Debug|x86.ActiveCfg = Debug|Any CPU
		{2AFCBE5F-0837-4707-A3D1-CB060D94660C}.Debug|x86.Build.0 = Debug|Any CPU
		{2AFCBE5F-0837-4707-A3D1-CB060D94660C}.Release|Any CPU.ActiveCfg = Release|Any CPU
		{2AFCBE5F-0837-4707-A3D1-CB060D94660C}.Release|Any CPU.Build.0 = Release|Any CPU
		{2AFCBE5F-0837-4707-A3D1-CB060D94660C}.Release|x64.ActiveCfg = Release|Any CPU
		{2AFCBE5F-0837-4707-A3D1-CB060D94660C}.Release|x64.Build.0 = Release|Any CPU
		{2AFCBE5F-0837-4707-A3D1-CB060D94660C}.Release|x86.ActiveCfg = Release|Any CPU
		{2AFCBE5F-0837-4707-A3D1-CB060D94660C}.Release|x86.Build.0 = Release|Any CPU
		{EE7F1AD1-DFC8-43E6-A982-5092F6AD54D2}.Debug|Any CPU.ActiveCfg = Debug|Any CPU
		{EE7F1AD1-DFC8-43E6-A982-5092F6AD54D2}.Debug|Any CPU.Build.0 = Debug|Any CPU
		{EE7F1AD1-DFC8-43E6-A982-5092F6AD54D2}.Debug|x64.ActiveCfg = Debug|Any CPU
		{EE7F1AD1-DFC8-43E6-A982-5092F6AD54D2}.Debug|x64.Build.0 = Debug|Any CPU
		{EE7F1AD1-DFC8-43E6-A982-5092F6AD54D2}.Debug|x86.ActiveCfg = Debug|Any CPU
		{EE7F1AD1-DFC8-43E6-A982-5092F6AD54D2}.Debug|x86.Build.0 = Debug|Any CPU
		{EE7F1AD1-DFC8-43E6-A982-5092F6AD54D2}.Release|Any CPU.ActiveCfg = Release|Any CPU
		{EE7F1AD1-DFC8-43E6-A982-5092F6AD54D2}.Release|Any CPU.Build.0 = Release|Any CPU
		{EE7F1AD1-DFC8-43E6-A982-5092F6AD54D2}.Release|x64.ActiveCfg = Release|Any CPU
		{EE7F1AD1-DFC8-43E6-A982-5092F6AD54D2}.Release|x64.Build.0 = Release|Any CPU
		{EE7F1AD1-DFC8-43E6-A982-5092F6AD54D2}.Release|x86.ActiveCfg = Release|Any CPU
		{EE7F1AD1-DFC8-43E6-A982-5092F6AD54D2}.Release|x86.Build.0 = Release|Any CPU
		{FA3D1BEE-140E-469A-8A08-A7FD9D2C414E}.Debug|Any CPU.ActiveCfg = Debug|Any CPU
		{FA3D1BEE-140E-469A-8A08-A7FD9D2C414E}.Debug|Any CPU.Build.0 = Debug|Any CPU
		{FA3D1BEE-140E-469A-8A08-A7FD9D2C414E}.Debug|x64.ActiveCfg = Debug|Any CPU
		{FA3D1BEE-140E-469A-8A08-A7FD9D2C414E}.Debug|x64.Build.0 = Debug|Any CPU
		{FA3D1BEE-140E-469A-8A08-A7FD9D2C414E}.Debug|x86.ActiveCfg = Debug|Any CPU
		{FA3D1BEE-140E-469A-8A08-A7FD9D2C414E}.Debug|x86.Build.0 = Debug|Any CPU
		{FA3D1BEE-140E-469A-8A08-A7FD9D2C414E}.Release|Any CPU.ActiveCfg = Release|Any CPU
		{FA3D1BEE-140E-469A-8A08-A7FD9D2C414E}.Release|Any CPU.Build.0 = Release|Any CPU
		{FA3D1BEE-140E-469A-8A08-A7FD9D2C414E}.Release|x64.ActiveCfg = Release|Any CPU
		{FA3D1BEE-140E-469A-8A08-A7FD9D2C414E}.Release|x64.Build.0 = Release|Any CPU
		{FA3D1BEE-140E-469A-8A08-A7FD9D2C414E}.Release|x86.ActiveCfg = Release|Any CPU
		{FA3D1BEE-140E-469A-8A08-A7FD9D2C414E}.Release|x86.Build.0 = Release|Any CPU
		{CF53EBA2-BC3D-43B5-8051-DC1809157C46}.Debug|Any CPU.ActiveCfg = Debug|Any CPU
		{CF53EBA2-BC3D-43B5-8051-DC1809157C46}.Debug|Any CPU.Build.0 = Debug|Any CPU
		{CF53EBA2-BC3D-43B5-8051-DC1809157C46}.Debug|x64.ActiveCfg = Debug|Any CPU
		{CF53EBA2-BC3D-43B5-8051-DC1809157C46}.Debug|x64.Build.0 = Debug|Any CPU
		{CF53EBA2-BC3D-43B5-8051-DC1809157C46}.Debug|x86.ActiveCfg = Debug|Any CPU
		{CF53EBA2-BC3D-43B5-8051-DC1809157C46}.Debug|x86.Build.0 = Debug|Any CPU
		{CF53EBA2-BC3D-43B5-8051-DC1809157C46}.Release|Any CPU.ActiveCfg = Release|Any CPU
		{CF53EBA2-BC3D-43B5-8051-DC1809157C46}.Release|Any CPU.Build.0 = Release|Any CPU
		{CF53EBA2-BC3D-43B5-8051-DC1809157C46}.Release|x64.ActiveCfg = Release|Any CPU
		{CF53EBA2-BC3D-43B5-8051-DC1809157C46}.Release|x64.Build.0 = Release|Any CPU
		{CF53EBA2-BC3D-43B5-8051-DC1809157C46}.Release|x86.ActiveCfg = Release|Any CPU
		{CF53EBA2-BC3D-43B5-8051-DC1809157C46}.Release|x86.Build.0 = Release|Any CPU
		{F7276832-90D7-4238-A8F3-7B2972BD14D0}.Debug|Any CPU.ActiveCfg = Debug|Any CPU
		{F7276832-90D7-4238-A8F3-7B2972BD14D0}.Debug|Any CPU.Build.0 = Debug|Any CPU
		{F7276832-90D7-4238-A8F3-7B2972BD14D0}.Debug|x64.ActiveCfg = Debug|Any CPU
		{F7276832-90D7-4238-A8F3-7B2972BD14D0}.Debug|x64.Build.0 = Debug|Any CPU
		{F7276832-90D7-4238-A8F3-7B2972BD14D0}.Debug|x86.ActiveCfg = Debug|Any CPU
		{F7276832-90D7-4238-A8F3-7B2972BD14D0}.Debug|x86.Build.0 = Debug|Any CPU
		{F7276832-90D7-4238-A8F3-7B2972BD14D0}.Release|Any CPU.ActiveCfg = Release|Any CPU
		{F7276832-90D7-4238-A8F3-7B2972BD14D0}.Release|Any CPU.Build.0 = Release|Any CPU
		{F7276832-90D7-4238-A8F3-7B2972BD14D0}.Release|x64.ActiveCfg = Release|Any CPU
		{F7276832-90D7-4238-A8F3-7B2972BD14D0}.Release|x64.Build.0 = Release|Any CPU
		{F7276832-90D7-4238-A8F3-7B2972BD14D0}.Release|x86.ActiveCfg = Release|Any CPU
		{F7276832-90D7-4238-A8F3-7B2972BD14D0}.Release|x86.Build.0 = Release|Any CPU
	EndGlobalSection
	GlobalSection(NestedProjects) = preSolution
		{D978AEE8-182B-41E0-88DB-E5DB2983EAF4} = {8A6F4BAC-5B8F-4BC7-A8CA-C16BE4325EEB}
		{AE2E5ABA-12E6-478F-BDE5-39FF9974C0A2} = {8A6F4BAC-5B8F-4BC7-A8CA-C16BE4325EEB}
		{2AFCBE5F-0837-4707-A3D1-CB060D94660C} = {8A6F4BAC-5B8F-4BC7-A8CA-C16BE4325EEB}
		{EE7F1AD1-DFC8-43E6-A982-5092F6AD54D2} = {8A6F4BAC-5B8F-4BC7-A8CA-C16BE4325EEB}
		{FA3D1BEE-140E-469A-8A08-A7FD9D2C414E} = {8A6F4BAC-5B8F-4BC7-A8CA-C16BE4325EEB}
		{CF53EBA2-BC3D-43B5-8051-DC1809157C46} = {8A6F4BAC-5B8F-4BC7-A8CA-C16BE4325EEB}
		{F7276832-90D7-4238-A8F3-7B2972BD14D0} = {8A6F4BAC-5B8F-4BC7-A8CA-C16BE4325EEB}
	EndGlobalSection
EndGlobal
